// !$*UTF8*$!
{
	archiveVersion = 1;
	classes = {
	};
	objectVersion = 46;
	objects = {

/* Begin PBXBuildFile section */
		CE035D65198263AF0086109C /* Foundation.framework in Frameworks */ = {isa = PBXBuildFile; fileRef = CE035D64198263AF0086109C /* Foundation.framework */; };
		CE035D67198263AF0086109C /* CoreGraphics.framework in Frameworks */ = {isa = PBXBuildFile; fileRef = CE035D66198263AF0086109C /* CoreGraphics.framework */; };
		CE035D69198263AF0086109C /* UIKit.framework in Frameworks */ = {isa = PBXBuildFile; fileRef = CE035D68198263AF0086109C /* UIKit.framework */; };
		CE035D6F198263AF0086109C /* InfoPlist.strings in Resources */ = {isa = PBXBuildFile; fileRef = CE035D6D198263AF0086109C /* InfoPlist.strings */; };
		CE035D71198263AF0086109C /* main.m in Sources */ = {isa = PBXBuildFile; fileRef = CE035D70198263AF0086109C /* main.m */; };
		CE035D75198263AF0086109C /* AppDelegate.m in Sources */ = {isa = PBXBuildFile; fileRef = CE035D74198263AF0086109C /* AppDelegate.m */; };
		CE035D77198263AF0086109C /* Images.xcassets in Resources */ = {isa = PBXBuildFile; fileRef = CE035D76198263AF0086109C /* Images.xcassets */; };
		CE035D7E198263AF0086109C /* XCTest.framework in Frameworks */ = {isa = PBXBuildFile; fileRef = CE035D7D198263AF0086109C /* XCTest.framework */; };
		CE035D7F198263AF0086109C /* Foundation.framework in Frameworks */ = {isa = PBXBuildFile; fileRef = CE035D64198263AF0086109C /* Foundation.framework */; };
		CE035D80198263AF0086109C /* UIKit.framework in Frameworks */ = {isa = PBXBuildFile; fileRef = CE035D68198263AF0086109C /* UIKit.framework */; };
		CE035D88198263AF0086109C /* InfoPlist.strings in Resources */ = {isa = PBXBuildFile; fileRef = CE035D86198263AF0086109C /* InfoPlist.strings */; };
		CE035D8A198263AF0086109C /* NSXMLParser_DemoTests.m in Sources */ = {isa = PBXBuildFile; fileRef = CE035D89198263AF0086109C /* NSXMLParser_DemoTests.m */; };
		CE035D94198264370086109C /* NSXMLParserDemo.xml in Resources */ = {isa = PBXBuildFile; fileRef = CE035D93198264370086109C /* NSXMLParserDemo.xml */; };
		CE035D97198264680086109C /* Demo.m in Sources */ = {isa = PBXBuildFile; fileRef = CE035D96198264680086109C /* Demo.m */; };
/* End PBXBuildFile section */

/* Begin PBXContainerItemProxy section */
		CE035D81198263AF0086109C /* PBXContainerItemProxy */ = {
			isa = PBXContainerItemProxy;
			containerPortal = CE035D59198263AF0086109C /* Project object */;
			proxyType = 1;
			remoteGlobalIDString = CE035D60198263AF0086109C;
			remoteInfo = "NSXMLParser Demo";
		};
/* End PBXContainerItemProxy section */

/* Begin PBXFileReference section */
		CE035D61198263AF0086109C /* NSXMLParser Demo.app */ = {isa = PBXFileReference; explicitFileType = wrapper.application; includeInIndex = 0; path = "NSXMLParser Demo.app"; sourceTree = BUILT_PRODUCTS_DIR; };
		CE035D64198263AF0086109C /* Foundation.framework */ = {isa = PBXFileReference; lastKnownFileType = wrapper.framework; name = Foundation.framework; path = System/Library/Frameworks/Foundation.framework; sourceTree = SDKROOT; };
		CE035D66198263AF0086109C /* CoreGraphics.framework */ = {isa = PBXFileReference; lastKnownFileType = wrapper.framework; name = CoreGraphics.framework; path = System/Library/Frameworks/CoreGraphics.framework; sourceTree = SDKROOT; };
		CE035D68198263AF0086109C /* UIKit.framework */ = {isa = PBXFileReference; lastKnownFileType = wrapper.framework; name = UIKit.framework; path = System/Library/Frameworks/UIKit.framework; sourceTree = SDKROOT; };
		CE035D6C198263AF0086109C /* NSXMLParser Demo-Info.plist */ = {isa = PBXFileReference; lastKnownFileType = text.plist.xml; path = "NSXMLParser Demo-Info.plist"; sourceTree = "<group>"; };
		CE035D6E198263AF0086109C /* en */ = {isa = PBXFileReference; lastKnownFileType = text.plist.strings; name = en; path = en.lproj/InfoPlist.strings; sourceTree = "<group>"; };
		CE035D70198263AF0086109C /* main.m */ = {isa = PBXFileReference; lastKnownFileType = sourcecode.c.objc; path = main.m; sourceTree = "<group>"; };
		CE035D72198263AF0086109C /* NSXMLParser Demo-Prefix.pch */ = {isa = PBXFileReference; lastKnownFileType = sourcecode.c.h; path = "NSXMLParser Demo-Prefix.pch"; sourceTree = "<group>"; };
		CE035D73198263AF0086109C /* AppDelegate.h */ = {isa = PBXFileReference; lastKnownFileType = sourcecode.c.h; path = AppDelegate.h; sourceTree = "<group>"; };
		CE035D74198263AF0086109C /* AppDelegate.m */ = {isa = PBXFileReference; lastKnownFileType = sourcecode.c.objc; path = AppDelegate.m; sourceTree = "<group>"; };
		CE035D76198263AF0086109C /* Images.xcassets */ = {isa = PBXFileReference; lastKnownFileType = folder.assetcatalog; path = Images.xcassets; sourceTree = "<group>"; };
		CE035D7C198263AF0086109C /* NSXMLParser DemoTests.xctest */ = {isa = PBXFileReference; explicitFileType = wrapper.cfbundle; includeInIndex = 0; path = "NSXMLParser DemoTests.xctest"; sourceTree = BUILT_PRODUCTS_DIR; };
		CE035D7D198263AF0086109C /* XCTest.framework */ = {isa = PBXFileReference; lastKnownFileType = wrapper.framework; name = XCTest.framework; path = Library/Frameworks/XCTest.framework; sourceTree = DEVELOPER_DIR; };
		CE035D85198263AF0086109C /* NSXMLParser DemoTests-Info.plist */ = {isa = PBXFileReference; lastKnownFileType = text.plist.xml; path = "NSXMLParser DemoTests-Info.plist"; sourceTree = "<group>"; };
		CE035D87198263AF0086109C /* en */ = {isa = PBXFileReference; lastKnownFileType = text.plist.strings; name = en; path = en.lproj/InfoPlist.strings; sourceTree = "<group>"; };
		CE035D89198263AF0086109C /* NSXMLParser_DemoTests.m */ = {isa = PBXFileReference; lastKnownFileType = sourcecode.c.objc; path = NSXMLParser_DemoTests.m; sourceTree = "<group>"; };
		CE035D93198264370086109C /* NSXMLParserDemo.xml */ = {isa = PBXFileReference; fileEncoding = 4; lastKnownFileType = text.xml; path = NSXMLParserDemo.xml; sourceTree = "<group>"; };
		CE035D95198264680086109C /* Demo.h */ = {isa = PBXFileReference; fileEncoding = 4; lastKnownFileType = sourcecode.c.h; path = Demo.h; sourceTree = "<group>"; };
		CE035D96198264680086109C /* Demo.m */ = {isa = PBXFileReference; fileEncoding = 4; lastKnownFileType = sourcecode.c.objc; path = Demo.m; sourceTree = "<group>"; };
/* End PBXFileReference section */

/* Begin PBXFrameworksBuildPhase section */
		CE035D5E198263AF0086109C /* Frameworks */ = {
			isa = PBXFrameworksBuildPhase;
			buildActionMask = 2147483647;
			files = (
				CE035D67198263AF0086109C /* CoreGraphics.framework in Frameworks */,
				CE035D69198263AF0086109C /* UIKit.framework in Frameworks */,
				CE035D65198263AF0086109C /* Foundation.framework in Frameworks */,
			);
			runOnlyForDeploymentPostprocessing = 0;
		};
		CE035D79198263AF0086109C /* Frameworks */ = {
			isa = PBXFrameworksBuildPhase;
			buildActionMask = 2147483647;
			files = (
				CE035D7E198263AF0086109C /* XCTest.framework in Frameworks */,
				CE035D80198263AF0086109C /* UIKit.framework in Frameworks */,
				CE035D7F198263AF0086109C /* Foundation.framework in Frameworks */,
			);
			runOnlyForDeploymentPostprocessing = 0;
		};
/* End PBXFrameworksBuildPhase section */

/* Begin PBXGroup section */
		CE035D58198263AF0086109C = {
			isa = PBXGroup;
			children = (
				CE035D6A198263AF0086109C /* NSXMLParser Demo */,
				CE035D83198263AF0086109C /* NSXMLParser DemoTests */,
				CE035D63198263AF0086109C /* Frameworks */,
				CE035D62198263AF0086109C /* Products */,
			);
			sourceTree = "<group>";
		};
		CE035D62198263AF0086109C /* Products */ = {
			isa = PBXGroup;
			children = (
				CE035D61198263AF0086109C /* NSXMLParser Demo.app */,
				CE035D7C198263AF0086109C /* NSXMLParser DemoTests.xctest */,
			);
			name = Products;
			sourceTree = "<group>";
		};
		CE035D63198263AF0086109C /* Frameworks */ = {
			isa = PBXGroup;
			children = (
				CE035D64198263AF0086109C /* Foundation.framework */,
				CE035D66198263AF0086109C /* CoreGraphics.framework */,
				CE035D68198263AF0086109C /* UIKit.framework */,
				CE035D7D198263AF0086109C /* XCTest.framework */,
			);
			name = Frameworks;
			sourceTree = "<group>";
		};
		CE035D6A198263AF0086109C /* NSXMLParser Demo */ = {
			isa = PBXGroup;
			children = (
				CE035D73198263AF0086109C /* AppDelegate.h */,
				CE035D74198263AF0086109C /* AppDelegate.m */,
				CE035D95198264680086109C /* Demo.h */,
				CE035D96198264680086109C /* Demo.m */,
				CE035D76198263AF0086109C /* Images.xcassets */,
				CE035D6B198263AF0086109C /* Supporting Files */,
			);
			path = "NSXMLParser Demo";
			sourceTree = "<group>";
		};
		CE035D6B198263AF0086109C /* Supporting Files */ = {
			isa = PBXGroup;
			children = (
				CE035D6C198263AF0086109C /* NSXMLParser Demo-Info.plist */,
				CE035D6D198263AF0086109C /* InfoPlist.strings */,
				CE035D70198263AF0086109C /* main.m */,
				CE035D72198263AF0086109C /* NSXMLParser Demo-Prefix.pch */,
				CE035D93198264370086109C /* NSXMLParserDemo.xml */,
			);
			name = "Supporting Files";
			sourceTree = "<group>";
		};
		CE035D83198263AF0086109C /* NSXMLParser DemoTests */ = {
			isa = PBXGroup;
			children = (
				CE035D89198263AF0086109C /* NSXMLParser_DemoTests.m */,
				CE035D84198263AF0086109C /* Supporting Files */,
			);
			path = "NSXMLParser DemoTests";
			sourceTree = "<group>";
		};
		CE035D84198263AF0086109C /* Supporting Files */ = {
			isa = PBXGroup;
			children = (
				CE035D85198263AF0086109C /* NSXMLParser DemoTests-Info.plist */,
				CE035D86198263AF0086109C /* InfoPlist.strings */,
			);
			name = "Supporting Files";
			sourceTree = "<group>";
		};
/* End PBXGroup section */

/* Begin PBXNativeTarget section */
		CE035D60198263AF0086109C /* NSXMLParser Demo */ = {
			isa = PBXNativeTarget;
			buildConfigurationList = CE035D8D198263AF0086109C /* Build configuration list for PBXNativeTarget "NSXMLParser Demo" */;
			buildPhases = (
				CE035D5D198263AF0086109C /* Sources */,
				CE035D5E198263AF0086109C /* Frameworks */,
				CE035D5F198263AF0086109C /* Resources */,
			);
			buildRules = (
			);
			dependencies = (
			);
			name = "NSXMLParser Demo";
			productName = "NSXMLParser Demo";
			productReference = CE035D61198263AF0086109C /* NSXMLParser Demo.app */;
			productType = "com.apple.product-type.application";
		};
		CE035D7B198263AF0086109C /* NSXMLParser DemoTests */ = {
			isa = PBXNativeTarget;
			buildConfigurationList = CE035D90198263AF0086109C /* Build configuration list for PBXNativeTarget "NSXMLParser DemoTests" */;
			buildPhases = (
				CE035D78198263AF0086109C /* Sources */,
				CE035D79198263AF0086109C /* Frameworks */,
				CE035D7A198263AF0086109C /* Resources */,
			);
			buildRules = (
			);
			dependencies = (
				CE035D82198263AF0086109C /* PBXTargetDependency */,
			);
			name = "NSXMLParser DemoTests";
			productName = "NSXMLParser DemoTests";
			productReference = CE035D7C198263AF0086109C /* NSXMLParser DemoTests.xctest */;
			productType = "com.apple.product-type.bundle.unit-test";
		};
/* End PBXNativeTarget section */

/* Begin PBXProject section */
		CE035D59198263AF0086109C /* Project object */ = {
			isa = PBXProject;
			attributes = {
				LastUpgradeCheck = 0510;
				ORGANIZATIONNAME = PFei_He;
				TargetAttributes = {
					CE035D7B198263AF0086109C = {
						TestTargetID = CE035D60198263AF0086109C;
					};
				};
			};
			buildConfigurationList = CE035D5C198263AF0086109C /* Build configuration list for PBXProject "NSXMLParser Demo" */;
			compatibilityVersion = "Xcode 3.2";
			developmentRegion = English;
			hasScannedForEncodings = 0;
			knownRegions = (
				en,
			);
			mainGroup = CE035D58198263AF0086109C;
			productRefGroup = CE035D62198263AF0086109C /* Products */;
			projectDirPath = "";
			projectRoot = "";
			targets = (
				CE035D60198263AF0086109C /* NSXMLParser Demo */,
				CE035D7B198263AF0086109C /* NSXMLParser DemoTests */,
			);
		};
/* End PBXProject section */

/* Begin PBXResourcesBuildPhase section */
		CE035D5F198263AF0086109C /* Resources */ = {
			isa = PBXResourcesBuildPhase;
			buildActionMask = 2147483647;
			files = (
				CE035D6F198263AF0086109C /* InfoPlist.strings in Resources */,
				CE035D77198263AF0086109C /* Images.xcassets in Resources */,
				CE035D94198264370086109C /* NSXMLParserDemo.xml in Resources */,
			);
			runOnlyForDeploymentPostprocessing = 0;
		};
		CE035D7A198263AF0086109C /* Resources */ = {
			isa = PBXResourcesBuildPhase;
			buildActionMask = 2147483647;
			files = (
				CE035D88198263AF0086109C /* InfoPlist.strings in Resources */,
			);
			runOnlyForDeploymentPostprocessing = 0;
		};
/* End PBXResourcesBuildPhase section */

/* Begin PBXSourcesBuildPhase section */
		CE035D5D198263AF0086109C /* Sources */ = {
			isa = PBXSourcesBuildPhase;
			buildActionMask = 2147483647;
			files = (
				CE035D75198263AF0086109C /* AppDelegate.m in Sources */,
				CE035D97198264680086109C /* Demo.m in Sources */,
				CE035D71198263AF0086109C /* main.m in Sources */,
			);
			runOnlyForDeploymentPostprocessing = 0;
		};
		CE035D78198263AF0086109C /* Sources */ = {
			isa = PBXSourcesBuildPhase;
			buildActionMask = 2147483647;
			files = (
				CE035D8A198263AF0086109C /* NSXMLParser_DemoTests.m in Sources */,
			);
			runOnlyForDeploymentPostprocessing = 0;
		};
/* End PBXSourcesBuildPhase section */

/* Begin PBXTargetDependency section */
		CE035D82198263AF0086109C /* PBXTargetDependency */ = {
			isa = PBXTargetDependency;
			target = CE035D60198263AF0086109C /* NSXMLParser Demo */;
			targetProxy = CE035D81198263AF0086109C /* PBXContainerItemProxy */;
		};
/* End PBXTargetDependency section */

/* Begin PBXVariantGroup section */
		CE035D6D198263AF0086109C /* InfoPlist.strings */ = {
			isa = PBXVariantGroup;
			children = (
				CE035D6E198263AF0086109C /* en */,
			);
			name = InfoPlist.strings;
			sourceTree = "<group>";
		};
		CE035D86198263AF0086109C /* InfoPlist.strings */ = {
			isa = PBXVariantGroup;
			children = (
				CE035D87198263AF0086109C /* en */,
			);
			name = InfoPlist.strings;
			sourceTree = "<group>";
		};
/* End PBXVariantGroup section */

/* Begin XCBuildConfiguration section */
		CE035D8B198263AF0086109C /* Debug */ = {
			isa = XCBuildConfiguration;
			buildSettings = {
				ALWAYS_SEARCH_USER_PATHS = NO;
				CLANG_CXX_LANGUAGE_STANDARD = "gnu++0x";
				CLANG_CXX_LIBRARY = "libc++";
				CLANG_ENABLE_MODULES = YES;
				CLANG_ENABLE_OBJC_ARC = YES;
				CLANG_WARN_BOOL_CONVERSION = YES;
				CLANG_WARN_CONSTANT_CONVERSION = YES;
				CLANG_WARN_DIRECT_OBJC_ISA_USAGE = YES_ERROR;
				CLANG_WARN_EMPTY_BODY = YES;
				CLANG_WARN_ENUM_CONVERSION = YES;
				CLANG_WARN_INT_CONVERSION = YES;
				CLANG_WARN_OBJC_ROOT_CLASS = YES_ERROR;
				CLANG_WARN__DUPLICATE_METHOD_MATCH = YES;
				"CODE_SIGN_IDENTITY[sdk=iphoneos*]" = "iPhone Developer";
				COPY_PHASE_STRIP = NO;
				GCC_C_LANGUAGE_STANDARD = gnu99;
				GCC_DYNAMIC_NO_PIC = NO;
				GCC_OPTIMIZATION_LEVEL = 0;
				GCC_PREPROCESSOR_DEFINITIONS = (
					"DEBUG=1",
					"$(inherited)",
				);
				GCC_SYMBOLS_PRIVATE_EXTERN = NO;
				GCC_WARN_64_TO_32_BIT_CONVERSION = YES;
				GCC_WARN_ABOUT_RETURN_TYPE = YES_ERROR;
				GCC_WARN_UNDECLARED_SELECTOR = YES;
				GCC_WARN_UNINITIALIZED_AUTOS = YES_AGGRESSIVE;
				GCC_WARN_UNUSED_FUNCTION = YES;
				GCC_WARN_UNUSED_VARIABLE = YES;
				IPHONEOS_DEPLOYMENT_TARGET = 7.1;
				ONLY_ACTIVE_ARCH = YES;
				SDKROOT = iphoneos;
				TARGETED_DEVICE_FAMILY = "1,2";
			};
			name = Debug;
		};
		CE035D8C198263AF0086109C /* Release */ = {
			isa = XCBuildConfiguration;
			buildSettings = {
				ALWAYS_SEARCH_USER_PATHS = NO;
				CLANG_CXX_LANGUAGE_STANDARD = "gnu++0x";
				CLANG_CXX_LIBRARY = "libc++";
				CLANG_ENABLE_MODULES = YES;
				CLANG_ENABLE_OBJC_ARC = YES;
				CLANG_WARN_BOOL_CONVERSION = YES;
				CLANG_WARN_CONSTANT_CONVERSION = YES;
				CLANG_WARN_DIRECT_OBJC_ISA_USAGE = YES_ERROR;
				CLANG_WARN_EMPTY_BODY = YES;
				CLANG_WARN_ENUM_CONVERSION = YES;
				CLANG_WARN_INT_CONVERSION = YES;
				CLANG_WARN_OBJC_ROOT_CLASS = YES_ERROR;
				CLANG_WARN__DUPLICATE_METHOD_MATCH = YES;
				"CODE_SIGN_IDENTITY[sdk=iphoneos*]" = "iPhone Developer";
				COPY_PHASE_STRIP = YES;
				ENABLE_NS_ASSERTIONS = NO;
				GCC_C_LANGUAGE_STANDARD = gnu99;
				GCC_WARN_64_TO_32_BIT_CONVERSION = YES;
				GCC_WARN_ABOUT_RETURN_TYPE = YES_ERROR;
				GCC_WARN_UNDECLARED_SELECTOR = YES;
				GCC_WARN_UNINITIALIZED_AUTOS = YES_AGGRESSIVE;
				GCC_WARN_UNUSED_FUNCTION = YES;
				GCC_WARN_UNUSED_VARIABLE = YES;
				IPHONEOS_DEPLOYMENT_TARGET = 7.1;
				SDKROOT = iphoneos;
				TARGETED_DEVICE_FAMILY = "1,2";
				VALIDATE_PRODUCT = YES;
			};
			name = Release;
		};
		CE035D8E198263AF0086109C /* Debug */ = {
			isa = XCBuildConfiguration;
			buildSettings = {
				ASSETCATALOG_COMPILER_APPICON_NAME = AppIcon;
				ASSETCATALOG_COMPILER_LAUNCHIMAGE_NAME = LaunchImage;
				GCC_PRECOMPILE_PREFIX_HEADER = YES;
				GCC_PREFIX_HEADER = "NSXMLParser Demo/NSXMLParser Demo-Prefix.pch";
				INFOPLIST_FILE = "NSXMLParser Demo/NSXMLParser Demo-Info.plist";
				PRODUCT_NAME = "$(TARGET_NAME)";
				WRAPPER_EXTENSION = app;
			};
			name = Debug;
		};
		CE035D8F198263AF0086109C /* Release */ = {
			isa = XCBuildConfiguration;
			buildSettings = {
				ASSETCATALOG_COMPILER_APPICON_NAME = AppIcon;
				ASSETCATALOG_COMPILER_LAUNCHIMAGE_NAME = LaunchImage;
				GCC_PRECOMPILE_PREFIX_HEADER = YES;
				GCC_PREFIX_HEADER = "NSXMLParser Demo/NSXMLParser Demo-Prefix.pch";
				INFOPLIST_FILE = "NSXMLParser Demo/NSXMLParser Demo-Info.plist";
				PRODUCT_NAME = "$(TARGET_NAME)";
				WRAPPER_EXTENSION = app;
			};
			name = Release;
		};
		CE035D91198263AF0086109C /* Debug */ = {
			isa = XCBuildConfiguration;
			buildSettings = {
				BUNDLE_LOADER = "$(BUILT_PRODUCTS_DIR)/NSXMLParser Demo.app/NSXMLParser Demo";
				FRAMEWORK_SEARCH_PATHS = (
					"$(SDKROOT)/Developer/Library/Frameworks",
					"$(inherited)",
					"$(DEVELOPER_FRAMEWORKS_DIR)",
				);
				GCC_PRECOMPILE_PREFIX_HEADER = YES;
				GCC_PREFIX_HEADER = "NSXMLParser Demo/NSXMLParser Demo-Prefix.pch";
				GCC_PREPROCESSOR_DEFINITIONS = (
					"DEBUG=1",
					"$(inherited)",
				);
				INFOPLIST_FILE = "NSXMLParser DemoTests/NSXMLParser DemoTests-Info.plist";
				PRODUCT_NAME = "$(TARGET_NAME)";
				TEST_HOST = "$(BUNDLE_LOADER)";
				WRAPPER_EXTENSION = xctest;
			};
			name = Debug;
		};
		CE035D92198263AF0086109C /* Release */ = {
			isa = XCBuildConfiguration;
			buildSettings = {
				BUNDLE_LOADER = "$(BUILT_PRODUCTS_DIR)/NSXMLParser Demo.app/NSXMLParser Demo";
				FRAMEWORK_SEARCH_PATHS = (
					"$(SDKROOT)/Developer/Library/Frameworks",
					"$(inherited)",
					"$(DEVELOPER_FRAMEWORKS_DIR)",
				);
				GCC_PRECOMPILE_PREFIX_HEADER = YES;
				GCC_PREFIX_HEADER = "NSXMLParser Demo/NSXMLParser Demo-Prefix.pch";
				INFOPLIST_FILE = "NSXMLParser DemoTests/NSXMLParser DemoTests-Info.plist";
				PRODUCT_NAME = "$(TARGET_NAME)";
				TEST_HOST = "$(BUNDLE_LOADER)";
				WRAPPER_EXTENSION = xctest;
			};
			name = Release;
		};
/* End XCBuildConfiguration section */

/* Begin XCConfigurationList section */
		CE035D5C198263AF0086109C /* Build configuration list for PBXProject "NSXMLParser Demo" */ = {
			isa = XCConfigurationList;
			buildConfigurations = (
				CE035D8B198263AF0086109C /* Debug */,
				CE035D8C198263AF0086109C /* Release */,
			);
			defaultConfigurationIsVisible = 0;
			defaultConfigurationName = Release;
		};
		CE035D8D198263AF0086109C /* Build configuration list for PBXNativeTarget "NSXMLParser Demo" */ = {
			isa = XCConfigurationList;
			buildConfigurations = (
				CE035D8E198263AF0086109C /* Debug */,
				CE035D8F198263AF0086109C /* Release */,
			);
			defaultConfigurationIsVisible = 0;
		};
		CE035D90198263AF0086109C /* Build configuration list for PBXNativeTarget "NSXMLParser DemoTests" */ = {
			isa = XCConfigurationList;
			buildConfigurations = (
				CE035D91198263AF0086109C /* Debug */,
				CE035D92198263AF0086109C /* Release */,
			);
			defaultConfigurationIsVisible = 0;
		};
/* End XCConfigurationList section */
	};
	rootObject = CE035D59198263AF0086109C /* Project object */;
}
